// !$*UTF8*$!
{
	archiveVersion = 1;
	classes = {
	};
	objectVersion = 46;
	objects = {

/* Begin PBXBuildFile section */
		40548FCF1CE44426004E1499 /* AppDelegate.swift in Sources */ = {isa = PBXBuildFile; fileRef = 40548FCE1CE44426004E1499 /* AppDelegate.swift */; };
		40548FD11CE44426004E1499 /* ViewController.swift in Sources */ = {isa = PBXBuildFile; fileRef = 40548FD01CE44426004E1499 /* ViewController.swift */; };
		40548FD41CE44427004E1499 /* Main.storyboard in Resources */ = {isa = PBXBuildFile; fileRef = 40548FD21CE44427004E1499 /* Main.storyboard */; };
		40548FD61CE44427004E1499 /* Assets.xcassets in Resources */ = {isa = PBXBuildFile; fileRef = 40548FD51CE44427004E1499 /* Assets.xcassets */; };
		40548FD91CE44427004E1499 /* LaunchScreen.storyboard in Resources */ = {isa = PBXBuildFile; fileRef = 40548FD71CE44427004E1499 /* LaunchScreen.storyboard */; };
/* End PBXBuildFile section */

/* Begin PBXFileReference section */
		40548FCB1CE44426004E1499 /* SimplePersistence.app */ = {isa = PBXFileReference; explicitFileType = wrapper.application; includeInIndex = 0; path = SimplePersistence.app; sourceTree = BUILT_PRODUCTS_DIR; };
		40548FCE1CE44426004E1499 /* AppDelegate.swift */ = {isa = PBXFileReference; lastKnownFileType = sourcecode.swift; path = AppDelegate.swift; sourceTree = "<group>"; };
		40548FD01CE44426004E1499 /* ViewController.swift */ = {isa = PBXFileReference; lastKnownFileType = sourcecode.swift; path = ViewController.swift; sourceTree = "<group>"; };
		40548FD31CE44427004E1499 /* Base */ = {isa = PBXFileReference; lastKnownFileType = file.storyboard; name = Base; path = Base.lproj/Main.storyboard; sourceTree = "<group>"; };
		40548FD51CE44427004E1499 /* Assets.xcassets */ = {isa = PBXFileReference; lastKnownFileType = folder.assetcatalog; path = Assets.xcassets; sourceTree = "<group>"; };
		40548FD81CE44427004E1499 /* Base */ = {isa = PBXFileReference; lastKnownFileType = file.storyboard; name = Base; path = Base.lproj/LaunchScreen.storyboard; sourceTree = "<group>"; };
		40548FDA1CE44427004E1499 /* Info.plist */ = {isa = PBXFileReference; lastKnownFileType = text.plist.xml; path = Info.plist; sourceTree = "<group>"; };
/* End PBXFileReference section */

/* Begin PBXFrameworksBuildPhase section */
		40548FC81CE44426004E1499 /* Frameworks */ = {
			isa = PBXFrameworksBuildPhase;
			buildActionMask = 2147483647;
			files = (
			);
			runOnlyForDeploymentPostprocessing = 0;
		};
/* End PBXFrameworksBuildPhase section */

/* Begin PBXGroup section */
		40548FC21CE44426004E1499 = {
			isa = PBXGroup;
			children = (
				40548FCD1CE44426004E1499 /* SimplePersistence */,
				40548FCC1CE44426004E1499 /* Products */,
			);
			sourceTree = "<group>";
		};
		40548FCC1CE44426004E1499 /* Products */ = {
			isa = PBXGroup;
			children = (
				40548FCB1CE44426004E1499 /* SimplePersistence.app */,
			);
			name = Products;
			sourceTree = "<group>";
		};
		40548FCD1CE44426004E1499 /* SimplePersistence */ = {
			isa = PBXGroup;
			children = (
				40548FCE1CE44426004E1499 /* AppDelegate.swift */,
				40548FD01CE44426004E1499 /* ViewController.swift */,
				40548FD21CE44427004E1499 /* Main.storyboard */,
				40548FD51CE44427004E1499 /* Assets.xcassets */,
				40548FD71CE44427004E1499 /* LaunchScreen.storyboard */,
				40548FDA1CE44427004E1499 /* Info.plist */,
			);
			path = SimplePersistence;
			sourceTree = "<group>";
		};
/* End PBXGroup section */

/* Begin PBXNativeTarget section */
		40548FCA1CE44426004E1499 /* SimplePersistence */ = {
			isa = PBXNativeTarget;
			buildConfigurationList = 40548FDD1CE44427004E1499 /* Build configuration list for PBXNativeTarget "SimplePersistence" */;
			buildPhases = (
				40548FC71CE44426004E1499 /* Sources */,
				40548FC81CE44426004E1499 /* Frameworks */,
				40548FC91CE44426004E1499 /* Resources */,
			);
			buildRules = (
			);
			dependencies = (
			);
			name = SimplePersistence;
			productName = SimplePersistence;
			productReference = 40548FCB1CE44426004E1499 /* SimplePersistence.app */;
			productType = "com.apple.product-type.application";
		};
/* End PBXNativeTarget section */

/* Begin PBXProject section */
		40548FC31CE44426004E1499 /* Project object */ = {
			isa = PBXProject;
			attributes = {
				LastSwiftUpdateCheck = 0730;
				LastUpgradeCheck = 0730;
				ORGANIZATIONNAME = "Emily Mearns";
				TargetAttributes = {
					40548FCA1CE44426004E1499 = {
						CreatedOnToolsVersion = 7.3;
					};
				};
			};
			buildConfigurationList = 40548FC61CE44426004E1499 /* Build configuration list for PBXProject "SimplePersistence" */;
			compatibilityVersion = "Xcode 3.2";
			developmentRegion = English;
			hasScannedForEncodings = 0;
			knownRegions = (
				en,
				Base,
			);
			mainGroup = 40548FC21CE44426004E1499;
			productRefGroup = 40548FCC1CE44426004E1499 /* Products */;
			projectDirPath = "";
			projectRoot = "";
			targets = (
				40548FCA1CE44426004E1499 /* SimplePersistence */,
			);
		};
/* End PBXProject section */

/* Begin PBXResourcesBuildPhase section */
		40548FC91CE44426004E1499 /* Resources */ = {
			isa = PBXResourcesBuildPhase;
			buildActionMask = 2147483647;
			files = (
				40548FD91CE44427004E1499 /* LaunchScreen.storyboard in Resources */,
				40548FD61CE44427004E1499 /* Assets.xcassets in Resources */,
				40548FD41CE44427004E1499 /* Main.storyboard in Resources */,
			);
			runOnlyForDeploymentPostprocessing = 0;
		};
/* End PBXResourcesBuildPhase section */

/* Begin PBXSourcesBuildPhase section */
		40548FC71CE44426004E1499 /* Sources */ = {
			isa = PBXSourcesBuildPhase;
			buildActionMask = 2147483647;
			files = (
				40548FD11CE44426004E1499 /* ViewController.swift in Sources */,
				40548FCF1CE44426004E1499 /* AppDelegate.swift in Sources */,
			);
			runOnlyForDeploymentPostprocessing = 0;
		};
/* End PBXSourcesBuildPhase section */

/* Begin PBXVariantGroup section */
		40548FD21CE44427004E1499 /* Main.storyboard */ = {
			isa = PBXVariantGroup;
			children = (
				40548FD31CE44427004E1499 /* Base */,
			);
			name = Main.storyboard;
			sourceTree = "<group>";
		};
		40548FD71CE44427004E1499 /* LaunchScreen.storyboard */ = {
			isa = PBXVariantGroup;
			children = (
				40548FD81CE44427004E1499 /* Base */,
			);
			name = LaunchScreen.storyboard;
			sourceTree = "<group>";
		};
/* End PBXVariantGroup section */

/* Begin XCBuildConfiguration section */
		40548FDB1CE44427004E1499 /* Debug */ = {
			isa = XCBuildConfiguration;
			buildSettings = {
				ALWAYS_SEARCH_USER_PATHS = NO;
				CLANG_ANALYZER_NONNULL = YES;
				CLANG_CXX_LANGUAGE_STANDARD = "gnu++0x";
				CLANG_CXX_LIBRARY = "libc++";
				CLANG_ENABLE_MODULES = YES;
				CLANG_ENABLE_OBJC_ARC = YES;
				CLANG_WARN_BOOL_CONVERSION = YES;
				CLANG_WARN_CONSTANT_CONVERSION = YES;
				CLANG_WARN_DIRECT_OBJC_ISA_USAGE = YES_ERROR;
				CLANG_WARN_EMPTY_BODY = YES;
				CLANG_WARN_ENUM_CONVERSION = YES;
				CLANG_WARN_INT_CONVERSION = YES;
				CLANG_WARN_OBJC_ROOT_CLASS = YES_ERROR;
				CLANG_WARN_UNREACHABLE_CODE = YES;
				CLANG_WARN__DUPLICATE_METHOD_MATCH = YES;
				"CODE_SIGN_IDENTITY[sdk=iphoneos*]" = "iPhone Developer";
				COPY_PHASE_STRIP = NO;
				DEBUG_INFORMATION_FORMAT = dwarf;
				ENABLE_STRICT_OBJC_MSGSEND = YES;
				ENABLE_TESTABILITY = YES;
				GCC_C_LANGUAGE_STANDARD = gnu99;
				GCC_DYNAMIC_NO_PIC = NO;
				GCC_NO_COMMON_BLOCKS = YES;
				GCC_OPTIMIZATION_LEVEL = 0;
				GCC_PREPROCESSOR_DEFINITIONS = (
					"DEBUG=1",
					"$(inherited)",
				);
				GCC_WARN_64_TO_32_BIT_CONVERSION = YES;
				GCC_WARN_ABOUT_RETURN_TYPE = YES_ERROR;
				GCC_WARN_UNDECLARED_SELECTOR = YES;
				GCC_WARN_UNINITIALIZED_AUTOS = YES_AGGRESSIVE;
				GCC_WARN_UNUSED_FUNCTION = YES;
				GCC_WARN_UNUSED_VARIABLE = YES;
				IPHONEOS_DEPLOYMENT_TARGET = 9.3;
				MTL_ENABLE_DEBUG_INFO = YES;
				ONLY_ACTIVE_ARCH = YES;
				SDKROOT = iphoneos;
				SWIFT_OPTIMIZATION_LEVEL = "-Onone";
			};
			name = Debug;
		};
		40548FDC1CE44427004E1499 /* Release */ = {
			isa = XCBuildConfiguration;
			buildSettings = {
				ALWAYS_SEARCH_USER_PATHS = NO;
				CLANG_ANALYZER_NONNULL = YES;
				CLANG_CXX_LANGUAGE_STANDARD = "gnu++0x";
				CLANG_CXX_LIBRARY = "libc++";
				CLANG_ENABLE_MODULES = YES;
				CLANG_ENABLE_OBJC_ARC = YES;
				CLANG_WARN_BOOL_CONVERSION = YES;
				CLANG_WARN_CONSTANT_CONVERSION = YES;
				CLANG_WARN_DIRECT_OBJC_ISA_USAGE = YES_ERROR;
				CLANG_WARN_EMPTY_BODY = YES;
				CLANG_WARN_ENUM_CONVERSION = YES;
				CLANG_WARN_INT_CONVERSION = YES;
				CLANG_WARN_OBJC_ROOT_CLASS = YES_ERROR;
				CLANG_WARN_UNREACHABLE_CODE = YES;
				CLANG_WARN__DUPLICATE_METHOD_MATCH = YES;
				"CODE_SIGN_IDENTITY[sdk=iphoneos*]" = "iPhone Developer";
				COPY_PHASE_STRIP = NO;
				DEBUG_INFORMATION_FORMAT = "dwarf-with-dsym";
				ENABLE_NS_ASSERTIONS = NO;
				ENABLE_STRICT_OBJC_MSGSEND = YES;
				GCC_C_LANGUAGE_STANDARD = gnu99;
				GCC_NO_COMMON_BLOCKS = YES;
				GCC_WARN_64_TO_32_BIT_CONVERSION = YES;
				GCC_WARN_ABOUT_RETURN_TYPE = YES_ERROR;
				GCC_WARN_UNDECLARED_SELECTOR = YES;
				GCC_WARN_UNINITIALIZED_AUTOS = YES_AGGRESSIVE;
				GCC_WARN_UNUSED_FUNCTION = YES;
				GCC_WARN_UNUSED_VARIABLE = YES;
				IPHONEOS_DEPLOYMENT_TARGET = 9.3;
				MTL_ENABLE_DEBUG_INFO = NO;
				SDKROOT = iphoneos;
				VALIDATE_PRODUCT = YES;
			};
			name = Release;
		};
		40548FDE1CE44427004E1499 /* Debug */ = {
			isa = XCBuildConfiguration;
			buildSettings = {
				ASSETCATALOG_COMPILER_APPICON_NAME = AppIcon;
				INFOPLIST_FILE = SimplePersistence/Info.plist;
				LD_RUNPATH_SEARCH_PATHS = "$(inherited) @executable_path/Frameworks";
				PRODUCT_BUNDLE_IDENTIFIER = com.EM.SimplePersistence;
				PRODUCT_NAME = "$(TARGET_NAME)";
			};
			name = Debug;
		};
		40548FDF1CE44427004E1499 /* Release */ = {
			isa = XCBuildConfiguration;
			buildSettings = {
				ASSETCATALOG_COMPILER_APPICON_NAME = AppIcon;
				INFOPLIST_FILE = SimplePersistence/Info.plist;
				LD_RUNPATH_SEARCH_PATHS = "$(inherited) @executable_path/Frameworks";
				PRODUCT_BUNDLE_IDENTIFIER = com.EM.SimplePersistence;
				PRODUCT_NAME = "$(TARGET_NAME)";
			};
			name = Release;
		};
/* End XCBuildConfiguration section */

/* Begin XCConfigurationList section */
		40548FC61CE44426004E1499 /* Build configuration list for PBXProject "SimplePersistence" */ = {
			isa = XCConfigurationList;
			buildConfigurations = (
				40548FDB1CE44427004E1499 /* Debug */,
				40548FDC1CE44427004E1499 /* Release */,
			);
			defaultConfigurationIsVisible = 0;
			defaultConfigurationName = Release;
		};
		40548FDD1CE44427004E1499 /* Build configuration list for PBXNativeTarget "SimplePersistence" */ = {
			isa = XCConfigurationList;
			buildConfigurations = (
				40548FDE1CE44427004E1499 /* Debug */,
				40548FDF1CE44427004E1499 /* Release */,
			);
			defaultConfigurationIsVisible = 0;
		};
/* End XCConfigurationList section */
	};
	rootObject = 40548FC31CE44426004E1499 /* Project object */;
}
